version = 1
revision = 3
requires-python = ">=3.13"

[[package]]
name = "beautifulsoup4"
version = "4.14.2"
source = { registry = "https://pypi.org/simple" }
dependencies = [
    { name = "soupsieve" },
    { name = "typing-extensions" },
]
sdist = { url = "https://files.pythonhosted.org/packages/77/e9/df2358efd7659577435e2177bfa69cba6c33216681af51a707193dec162a/beautifulsoup4-4.14.2.tar.gz", hash = "sha256:2a98ab9f944a11acee9cc848508ec28d9228abfd522ef0fad6a02a72e0ded69e", size = 625822, upload-time = "2025-09-29T10:05:42.613Z" }
wheels = [
    { url = "https://files.pythonhosted.org/packages/94/fe/3aed5d0be4d404d12d36ab97e2f1791424d9ca39c2f754a6285d59a3b01d/beautifulsoup4-4.14.2-py3-none-any.whl", hash = "sha256:5ef6fa3a8cbece8488d66985560f97ed091e22bbc4e9c2338508a9d5de6d4515", size = 106392, upload-time = "2025-09-29T10:05:43.771Z" },
]

[[package]]
name = "css-inline"
version = "0.17.0"
source = { registry = "https://pypi.org/simple" }
sdist = { url = "https://files.pythonhosted.org/packages/78/0c/b18952ddb4c0d05c00d7af94ea047b5e816ec5948d43dc334ddfed6fb3ee/css_inline-0.17.0.tar.gz", hash = "sha256:f0f3c59fd793d53595910faca14b5bf5b86ff692c1d7f664f86028ee24d8eb2f", size = 64094, upload-time = "2025-07-26T21:31:04.794Z" }
wheels = [
    { url = "https://files.pythonhosted.org/packages/f0/dd/fcc350b6bae5e4cd6cbf7903c910afda314da61f6f6c2ad6a8f91feb0fe4/css_inline-0.17.0-cp39-abi3-macosx_10_12_x86_64.macosx_11_0_arm64.macosx_10_12_universal2.whl", hash = "sha256:4f909a06ef707bc2edc20e17d36fb0f15bfcb93958b278b39a52cabfd95ff712", size = 3512698, upload-time = "2025-07-26T21:30:40.586Z" },
    { url = "https://files.pythonhosted.org/packages/10/30/2b63dea57e846628cd4da84de2fb9b56b21c721c83fa33410e5cd6256363/css_inline-0.17.0-cp39-abi3-macosx_10_12_x86_64.whl", hash = "sha256:92a9065b241829f79a7058332a1c3fab014c60ed4bac03eadbe479f3b0085a03", size = 1815121, upload-time = "2025-07-26T21:30:42.695Z" },
    { url = "https://files.pythonhosted.org/packages/14/43/307a80f5fd70c3924ece8f288cf9fc33eb3bd5593d1806846a147ef54f63/css_inline-0.17.0-cp39-abi3-manylinux_2_12_i686.manylinux2010_i686.whl", hash = "sha256:f4cf11a6c32dec0042ee111ef8fe3bf5fd4da2b93aab13edc07f2fcceda5ef37", size = 1805164, upload-time = "2025-07-26T21:30:44.278Z" },
    { url = "https://files.pythonhosted.org/packages/ba/78/57f8a96ca9202948c7a655de944b9c57350ab58f7fea6d62a74f2526dd8a/css_inline-0.17.0-cp39-abi3-manylinux_2_17_x86_64.manylinux2014_x86_64.whl", hash = "sha256:f50819f66bf1ffad267a159b110b9ffc0a800af2901b739ab4a1035fc67c08dd", size = 1934540, upload-time = "2025-07-26T21:30:45.905Z" },
    { url = "https://files.pythonhosted.org/packages/a4/37/16bb12dc9872d4d09f10791dc1f4fa7876a0e5ceef4fec52f3aca9874d8c/css_inline-0.17.0-cp39-abi3-manylinux_2_24_aarch64.whl", hash = "sha256:78e1789a94341b9b04c5517fa989c57d3234bf33f14daf38e4e41c89c957a6ec", size = 1818975, upload-time = "2025-07-26T21:30:47.343Z" },
    { url = "https://files.pythonhosted.org/packages/69/d7/7cd983d1e13f0c8e6267f1c87c71e89b188dd5deb02af864222bc7898ca1/css_inline-0.17.0-cp39-abi3-manylinux_2_24_armv7l.whl", hash = "sha256:868e5299148fc42ae985e8dfd1b747bc88780ddc20ec9d35fa50a65046f42bd7", size = 1710953, upload-time = "2025-07-26T21:30:48.757Z" },
    { url = "https://files.pythonhosted.org/packages/9f/c4/5b21389f1bebf5e7a6ba3b394f85d42c7290e8c4d5f2352f1a79f549d6e7/css_inline-0.17.0-cp39-abi3-musllinux_1_2_aarch64.whl", hash = "sha256:f31f2797c5275d1a2707418cbc768894041b569a8a86da5a1116d26d74b27d2f", size = 2008650, upload-time = "2025-07-26T21:30:50.27Z" },
    { url = "https://files.pythonhosted.org/packages/3b/e6/67ad7da9ca68506acfe12cdbdde8fa4c30ae2834304bd0a363628e8783d5/css_inline-0.17.0-cp39-abi3-musllinux_1_2_armv7l.whl", hash = "sha256:d5df59a076a7252cafb6a66eea23e9451692e45a848c2385ac226dcfaa03bf4b", size = 1932493, upload-time = "2025-07-26T21:30:52.022Z" },
    { url = "https://files.pythonhosted.org/packages/f0/87/20760e74856087f1026e06fd11d53e4d2c6419e3acf460a1264e8af508dc/css_inline-0.17.0-cp39-abi3-musllinux_1_2_x86_64.whl", hash = "sha256:5239923d2e6cca2b370d42b482a823731fc01e1fe2d0a263110a5e1f46f34b1c", size = 2107415, upload-time = "2025-07-26T21:30:53.429Z" },
    { url = "https://files.pythonhosted.org/packages/2a/a5/af8c77d1a6d404fe4b9fd0e0879dca3c295ce9f410c686c7d5be0da45cb4/css_inline-0.17.0-cp39-abi3-win32.whl", hash = "sha256:17fd92473a39ae879611ee1a9fd64bd7d484298d98ec3e2308170ed307b2c6c1", size = 1550958, upload-time = "2025-07-26T21:30:54.946Z" },
    { url = "https://files.pythonhosted.org/packages/1a/bb/f36d3bfa1a7bf9fbb25c852ded26ef527f1e93de71cc31b01da4c9ff4c58/css_inline-0.17.0-cp39-abi3-win_amd64.whl", hash = "sha256:8efb4bd09af80286d6ffd015966125c4fbd37fdc46ca04b061cc62c82d9aa4f0", size = 1830741, upload-time = "2025-07-26T21:30:55.973Z" },
]

[[package]]
name = "make-epub"
version = "0.1.0"
source = { virtual = "." }
dependencies = [
    { name = "beautifulsoup4" },
    { name = "css-inline" },
]

[package.metadata]
requires-dist = [
    { name = "beautifulsoup4", specifier = ">=4.14.2" },
    { name = "css-inline", specifier = ">=0.17.0" },
]

[[package]]
name = "soupsieve"
version = "2.8"
source = { registry = "https://pypi.org/simple" }
sdist = { url = "https://files.pythonhosted.org/packages/6d/e6/21ccce3262dd4889aa3332e5a119a3491a95e8f60939870a3a035aabac0d/soupsieve-2.8.tar.gz", hash = "sha256:e2dd4a40a628cb5f28f6d4b0db8800b8f581b65bb380b97de22ba5ca8d72572f", size = 103472, upload-time = "2025-08-27T15:39:51.78Z" }
wheels = [
    { url = "https://files.pythonhosted.org/packages/14/a0/bb38d3b76b8cae341dad93a2dd83ab7462e6dbcdd84d43f54ee60a8dc167/soupsieve-2.8-py3-none-any.whl", hash = "sha256:0cc76456a30e20f5d7f2e14a98a4ae2ee4e5abdc7c5ea0aafe795f344bc7984c", size = 36679, upload-time = "2025-08-27T15:39:50.179Z" },
]

[[package]]
name = "typing-extensions"
version = "4.15.0"
source = { registry = "https://pypi.org/simple" }
sdist = { url = "https://files.pythonhosted.org/packages/72/94/1a15dd82efb362ac84269196e94cf00f187f7ed21c242792a923cdb1c61f/typing_extensions-4.15.0.tar.gz", hash = "sha256:0cea48d173cc12fa28ecabc3b837ea3cf6f38c6d1136f85cbaaf598984861466", size = 109391, upload-time = "2025-08-25T13:49:26.313Z" }
wheels = [
    { url = "https://files.pythonhosted.org/packages/18/67/36e9267722cc04a6b9f15c7f3441c2363321a3ea07da7ae0c0707beb2a9c/typing_extensions-4.15.0-py3-none-any.whl", hash = "sha256:f0fa19c6845758ab08074a0cfa8b7aecb71c999ca73d62883bc25cc018c4e548", size = 44614, upload-time = "2025-08-25T13:49:24.86Z" },
]
